
Microsoft Visual Studio Solution File, Format Version 12.00
# Visual Studio Version 17
VisualStudioVersion = 17.3.32901.215
MinimumVisualStudioVersion = 10.0.40219.1
Project("{FAE04EC0-301F-11D3-BF4B-00C04F79EFBC}") = "MVCMovie", "MVCMovie.csproj", "{6F14270C-4D8F-4CDD-B5EF-8CC32BEB6925}"
EndProject
Global
	GlobalSection(SolutionConfigurationPlatforms) = preSolution
		Debug|Any CPU = Debug|Any CPU
		Release|Any CPU = Release|Any CPU
	EndGlobalSection
	GlobalSection(ProjectConfigurationPlatforms) = postSolution
		{6F14270C-4D8F-4CDD-B5EF-8CC32BEB6925}.Debug|Any CPU.ActiveCfg = Debug|Any CPU
		{6F14270C-4D8F-4CDD-B5EF-8CC32BEB6925}.Debug|Any CPU.Build.0 = Debug|Any CPU
		{6F14270C-4D8F-4CDD-B5EF-8CC32BEB6925}.Release|Any CPU.ActiveCfg = Release|Any CPU
		{6F14270C-4D8F-4CDD-B5EF-8CC32BEB6925}.Release|Any CPU.Build.0 = Release|Any CPU
	EndGlobalSection
	GlobalSection(SolutionProperties) = preSolution
		HideSolutionNode = FALSE
	EndGlobalSection
	GlobalSection(ExtensibilityGlobals) = postSolution
		SolutionGuid = {135D8334-40F8-4C16-8C09-5F366AAB0BC1}
	EndGlobalSection
EndGlobal
